// !$*UTF8*$!
{
	archiveVersion = 1;
	classes = {
	};
	objectVersion = 50;
	objects = {

/* Begin PBXBuildFile section */
		032191A0298BA8C8003270A6 /* AppDelegate.swift in Sources */ = {isa = PBXBuildFile; fileRef = 0321919F298BA8C8003270A6 /* AppDelegate.swift */; };
		032191A2298BA8C8003270A6 /* SceneDelegate.swift in Sources */ = {isa = PBXBuildFile; fileRef = 032191A1298BA8C8003270A6 /* SceneDelegate.swift */; };
		032191A4298BA8C8003270A6 /* ViewController.swift in Sources */ = {isa = PBXBuildFile; fileRef = 032191A3298BA8C8003270A6 /* ViewController.swift */; };
		032191A7298BA8C8003270A6 /* Main.storyboard in Resources */ = {isa = PBXBuildFile; fileRef = 032191A5298BA8C8003270A6 /* Main.storyboard */; };
		032191A9298BA8EB003270A6 /* Assets.xcassets in Resources */ = {isa = PBXBuildFile; fileRef = 032191A8298BA8EB003270A6 /* Assets.xcassets */; };
		032191AC298BA8EB003270A6 /* LaunchScreen.storyboard in Resources */ = {isa = PBXBuildFile; fileRef = 032191AA298BA8EB003270A6 /* LaunchScreen.storyboard */; };
		032191B7298BA8EC003270A6 /* meteoAppTests.swift in Sources */ = {isa = PBXBuildFile; fileRef = 032191B6298BA8EC003270A6 /* meteoAppTests.swift */; };
		032191C2298BA8EC003270A6 /* meteoAppUITests.swift in Sources */ = {isa = PBXBuildFile; fileRef = 032191C1298BA8EC003270A6 /* meteoAppUITests.swift */; };
		032191D3298BACE8003270A6 /* LocationManager.swift in Sources */ = {isa = PBXBuildFile; fileRef = 032191D2298BACE8003270A6 /* LocationManager.swift */; };
/* End PBXBuildFile section */

/* Begin PBXContainerItemProxy section */
		032191B3298BA8EC003270A6 /* PBXContainerItemProxy */ = {
			isa = PBXContainerItemProxy;
			containerPortal = 03219194298BA8C7003270A6 /* Project object */;
			proxyType = 1;
			remoteGlobalIDString = 0321919B298BA8C8003270A6;
			remoteInfo = meteoApp;
		};
		032191BE298BA8EC003270A6 /* PBXContainerItemProxy */ = {
			isa = PBXContainerItemProxy;
			containerPortal = 03219194298BA8C7003270A6 /* Project object */;
			proxyType = 1;
			remoteGlobalIDString = 0321919B298BA8C8003270A6;
			remoteInfo = meteoApp;
		};
/* End PBXContainerItemProxy section */

/* Begin PBXFileReference section */
		0321919C298BA8C8003270A6 /* meteoApp.app */ = {isa = PBXFileReference; explicitFileType = wrapper.application; includeInIndex = 0; path = meteoApp.app; sourceTree = BUILT_PRODUCTS_DIR; };
		0321919F298BA8C8003270A6 /* AppDelegate.swift */ = {isa = PBXFileReference; lastKnownFileType = sourcecode.swift; path = AppDelegate.swift; sourceTree = "<group>"; };
		032191A1298BA8C8003270A6 /* SceneDelegate.swift */ = {isa = PBXFileReference; lastKnownFileType = sourcecode.swift; path = SceneDelegate.swift; sourceTree = "<group>"; };
		032191A3298BA8C8003270A6 /* ViewController.swift */ = {isa = PBXFileReference; lastKnownFileType = sourcecode.swift; path = ViewController.swift; sourceTree = "<group>"; };
		032191A6298BA8C8003270A6 /* Base */ = {isa = PBXFileReference; lastKnownFileType = file.storyboard; name = Base; path = Base.lproj/Main.storyboard; sourceTree = "<group>"; };
		032191A8298BA8EB003270A6 /* Assets.xcassets */ = {isa = PBXFileReference; lastKnownFileType = folder.assetcatalog; path = Assets.xcassets; sourceTree = "<group>"; };
		032191AB298BA8EB003270A6 /* Base */ = {isa = PBXFileReference; lastKnownFileType = file.storyboard; name = Base; path = Base.lproj/LaunchScreen.storyboard; sourceTree = "<group>"; };
		032191AD298BA8EB003270A6 /* Info.plist */ = {isa = PBXFileReference; lastKnownFileType = text.plist.xml; path = Info.plist; sourceTree = "<group>"; };
		032191B2298BA8EC003270A6 /* meteoAppTests.xctest */ = {isa = PBXFileReference; explicitFileType = wrapper.cfbundle; includeInIndex = 0; path = meteoAppTests.xctest; sourceTree = BUILT_PRODUCTS_DIR; };
		032191B6298BA8EC003270A6 /* meteoAppTests.swift */ = {isa = PBXFileReference; lastKnownFileType = sourcecode.swift; path = meteoAppTests.swift; sourceTree = "<group>"; };
		032191B8298BA8EC003270A6 /* Info.plist */ = {isa = PBXFileReference; lastKnownFileType = text.plist.xml; path = Info.plist; sourceTree = "<group>"; };
		032191BD298BA8EC003270A6 /* meteoAppUITests.xctest */ = {isa = PBXFileReference; explicitFileType = wrapper.cfbundle; includeInIndex = 0; path = meteoAppUITests.xctest; sourceTree = BUILT_PRODUCTS_DIR; };
		032191C1298BA8EC003270A6 /* meteoAppUITests.swift */ = {isa = PBXFileReference; lastKnownFileType = sourcecode.swift; path = meteoAppUITests.swift; sourceTree = "<group>"; };
		032191C3298BA8EC003270A6 /* Info.plist */ = {isa = PBXFileReference; lastKnownFileType = text.plist.xml; path = Info.plist; sourceTree = "<group>"; };
		032191D2298BACE8003270A6 /* LocationManager.swift */ = {isa = PBXFileReference; lastKnownFileType = sourcecode.swift; path = LocationManager.swift; sourceTree = "<group>"; };
/* End PBXFileReference section */

/* Begin PBXFrameworksBuildPhase section */
		03219199298BA8C8003270A6 /* Frameworks */ = {
			isa = PBXFrameworksBuildPhase;
			buildActionMask = 2147483647;
			files = (
			);
			runOnlyForDeploymentPostprocessing = 0;
		};
		032191AF298BA8EC003270A6 /* Frameworks */ = {
			isa = PBXFrameworksBuildPhase;
			buildActionMask = 2147483647;
			files = (
			);
			runOnlyForDeploymentPostprocessing = 0;
		};
		032191BA298BA8EC003270A6 /* Frameworks */ = {
			isa = PBXFrameworksBuildPhase;
			buildActionMask = 2147483647;
			files = (
			);
			runOnlyForDeploymentPostprocessing = 0;
		};
/* End PBXFrameworksBuildPhase section */

/* Begin PBXGroup section */
		03219193298BA8C7003270A6 = {
			isa = PBXGroup;
			children = (
				0321919E298BA8C8003270A6 /* meteoApp */,
				032191B5298BA8EC003270A6 /* meteoAppTests */,
				032191C0298BA8EC003270A6 /* meteoAppUITests */,
				0321919D298BA8C8003270A6 /* Products */,
			);
			sourceTree = "<group>";
		};
		0321919D298BA8C8003270A6 /* Products */ = {
			isa = PBXGroup;
			children = (
				0321919C298BA8C8003270A6 /* meteoApp.app */,
				032191B2298BA8EC003270A6 /* meteoAppTests.xctest */,
				032191BD298BA8EC003270A6 /* meteoAppUITests.xctest */,
			);
			name = Products;
			sourceTree = "<group>";
		};
		0321919E298BA8C8003270A6 /* meteoApp */ = {
			isa = PBXGroup;
			children = (
				0321919F298BA8C8003270A6 /* AppDelegate.swift */,
				032191A1298BA8C8003270A6 /* SceneDelegate.swift */,
				032191A3298BA8C8003270A6 /* ViewController.swift */,
				032191A5298BA8C8003270A6 /* Main.storyboard */,
				032191A8298BA8EB003270A6 /* Assets.xcassets */,
				032191AA298BA8EB003270A6 /* LaunchScreen.storyboard */,
				032191AD298BA8EB003270A6 /* Info.plist */,
				032191D2298BACE8003270A6 /* LocationManager.swift */,
			);
			path = meteoApp;
			sourceTree = "<group>";
		};
		032191B5298BA8EC003270A6 /* meteoAppTests */ = {
			isa = PBXGroup;
			children = (
				032191B6298BA8EC003270A6 /* meteoAppTests.swift */,
				032191B8298BA8EC003270A6 /* Info.plist */,
			);
			path = meteoAppTests;
			sourceTree = "<group>";
		};
		032191C0298BA8EC003270A6 /* meteoAppUITests */ = {
			isa = PBXGroup;
			children = (
				032191C1298BA8EC003270A6 /* meteoAppUITests.swift */,
				032191C3298BA8EC003270A6 /* Info.plist */,
			);
			path = meteoAppUITests;
			sourceTree = "<group>";
		};
/* End PBXGroup section */

/* Begin PBXNativeTarget section */
		0321919B298BA8C8003270A6 /* meteoApp */ = {
			isa = PBXNativeTarget;
			buildConfigurationList = 032191C6298BA8EC003270A6 /* Build configuration list for PBXNativeTarget "meteoApp" */;
			buildPhases = (
				03219198298BA8C8003270A6 /* Sources */,
				03219199298BA8C8003270A6 /* Frameworks */,
				0321919A298BA8C8003270A6 /* Resources */,
			);
			buildRules = (
			);
			dependencies = (
			);
			name = meteoApp;
			productName = meteoApp;
			productReference = 0321919C298BA8C8003270A6 /* meteoApp.app */;
			productType = "com.apple.product-type.application";
		};
		032191B1298BA8EC003270A6 /* meteoAppTests */ = {
			isa = PBXNativeTarget;
			buildConfigurationList = 032191C9298BA8EC003270A6 /* Build configuration list for PBXNativeTarget "meteoAppTests" */;
			buildPhases = (
				032191AE298BA8EC003270A6 /* Sources */,
				032191AF298BA8EC003270A6 /* Frameworks */,
				032191B0298BA8EC003270A6 /* Resources */,
			);
			buildRules = (
			);
			dependencies = (
				032191B4298BA8EC003270A6 /* PBXTargetDependency */,
			);
			name = meteoAppTests;
			productName = meteoAppTests;
			productReference = 032191B2298BA8EC003270A6 /* meteoAppTests.xctest */;
			productType = "com.apple.product-type.bundle.unit-test";
		};
		032191BC298BA8EC003270A6 /* meteoAppUITests */ = {
			isa = PBXNativeTarget;
			buildConfigurationList = 032191CC298BA8EC003270A6 /* Build configuration list for PBXNativeTarget "meteoAppUITests" */;
			buildPhases = (
				032191B9298BA8EC003270A6 /* Sources */,
				032191BA298BA8EC003270A6 /* Frameworks */,
				032191BB298BA8EC003270A6 /* Resources */,
			);
			buildRules = (
			);
			dependencies = (
				032191BF298BA8EC003270A6 /* PBXTargetDependency */,
			);
			name = meteoAppUITests;
			productName = meteoAppUITests;
			productReference = 032191BD298BA8EC003270A6 /* meteoAppUITests.xctest */;
			productType = "com.apple.product-type.bundle.ui-testing";
		};
/* End PBXNativeTarget section */

/* Begin PBXProject section */
		03219194298BA8C7003270A6 /* Project object */ = {
			isa = PBXProject;
			attributes = {
				LastSwiftUpdateCheck = 1240;
				LastUpgradeCheck = 1240;
				TargetAttributes = {
					0321919B298BA8C8003270A6 = {
						CreatedOnToolsVersion = 12.4;
					};
					032191B1298BA8EC003270A6 = {
						CreatedOnToolsVersion = 12.4;
						TestTargetID = 0321919B298BA8C8003270A6;
					};
					032191BC298BA8EC003270A6 = {
						CreatedOnToolsVersion = 12.4;
						TestTargetID = 0321919B298BA8C8003270A6;
					};
				};
			};
			buildConfigurationList = 03219197298BA8C7003270A6 /* Build configuration list for PBXProject "meteoApp" */;
			compatibilityVersion = "Xcode 9.3";
			developmentRegion = en;
			hasScannedForEncodings = 0;
			knownRegions = (
				en,
				Base,
			);
			mainGroup = 03219193298BA8C7003270A6;
			productRefGroup = 0321919D298BA8C8003270A6 /* Products */;
			projectDirPath = "";
			projectRoot = "";
			targets = (
				0321919B298BA8C8003270A6 /* meteoApp */,
				032191B1298BA8EC003270A6 /* meteoAppTests */,
				032191BC298BA8EC003270A6 /* meteoAppUITests */,
			);
		};
/* End PBXProject section */

/* Begin PBXResourcesBuildPhase section */
		0321919A298BA8C8003270A6 /* Resources */ = {
			isa = PBXResourcesBuildPhase;
			buildActionMask = 2147483647;
			files = (
				032191AC298BA8EB003270A6 /* LaunchScreen.storyboard in Resources */,
				032191A9298BA8EB003270A6 /* Assets.xcassets in Resources */,
				032191A7298BA8C8003270A6 /* Main.storyboard in Resources */,
			);
			runOnlyForDeploymentPostprocessing = 0;
		};
		032191B0298BA8EC003270A6 /* Resources */ = {
			isa = PBXResourcesBuildPhase;
			buildActionMask = 2147483647;
			files = (
			);
			runOnlyForDeploymentPostprocessing = 0;
		};
		032191BB298BA8EC003270A6 /* Resources */ = {
			isa = PBXResourcesBuildPhase;
			buildActionMask = 2147483647;
			files = (
			);
			runOnlyForDeploymentPostprocessing = 0;
		};
/* End PBXResourcesBuildPhase section */

/* Begin PBXSourcesBuildPhase section */
		03219198298BA8C8003270A6 /* Sources */ = {
			isa = PBXSourcesBuildPhase;
			buildActionMask = 2147483647;
			files = (
				032191D3298BACE8003270A6 /* LocationManager.swift in Sources */,
				032191A4298BA8C8003270A6 /* ViewController.swift in Sources */,
				032191A0298BA8C8003270A6 /* AppDelegate.swift in Sources */,
				032191A2298BA8C8003270A6 /* SceneDelegate.swift in Sources */,
			);
			runOnlyForDeploymentPostprocessing = 0;
		};
		032191AE298BA8EC003270A6 /* Sources */ = {
			isa = PBXSourcesBuildPhase;
			buildActionMask = 2147483647;
			files = (
				032191B7298BA8EC003270A6 /* meteoAppTests.swift in Sources */,
			);
			runOnlyForDeploymentPostprocessing = 0;
		};
		032191B9298BA8EC003270A6 /* Sources */ = {
			isa = PBXSourcesBuildPhase;
			buildActionMask = 2147483647;
			files = (
				032191C2298BA8EC003270A6 /* meteoAppUITests.swift in Sources */,
			);
			runOnlyForDeploymentPostprocessing = 0;
		};
/* End PBXSourcesBuildPhase section */

/* Begin PBXTargetDependency section */
		032191B4298BA8EC003270A6 /* PBXTargetDependency */ = {
			isa = PBXTargetDependency;
			target = 0321919B298BA8C8003270A6 /* meteoApp */;
			targetProxy = 032191B3298BA8EC003270A6 /* PBXContainerItemProxy */;
		};
		032191BF298BA8EC003270A6 /* PBXTargetDependency */ = {
			isa = PBXTargetDependency;
			target = 0321919B298BA8C8003270A6 /* meteoApp */;
			targetProxy = 032191BE298BA8EC003270A6 /* PBXContainerItemProxy */;
		};
/* End PBXTargetDependency section */

/* Begin PBXVariantGroup section */
		032191A5298BA8C8003270A6 /* Main.storyboard */ = {
			isa = PBXVariantGroup;
			children = (
				032191A6298BA8C8003270A6 /* Base */,
			);
			name = Main.storyboard;
			sourceTree = "<group>";
		};
		032191AA298BA8EB003270A6 /* LaunchScreen.storyboard */ = {
			isa = PBXVariantGroup;
			children = (
				032191AB298BA8EB003270A6 /* Base */,
			);
			name = LaunchScreen.storyboard;
			sourceTree = "<group>";
		};
/* End PBXVariantGroup section */

/* Begin XCBuildConfiguration section */
		032191C4298BA8EC003270A6 /* Debug */ = {
			isa = XCBuildConfiguration;
			buildSettings = {
				ALWAYS_SEARCH_USER_PATHS = NO;
				CLANG_ANALYZER_NONNULL = YES;
				CLANG_ANALYZER_NUMBER_OBJECT_CONVERSION = YES_AGGRESSIVE;
				CLANG_CXX_LANGUAGE_STANDARD = "gnu++14";
				CLANG_CXX_LIBRARY = "libc++";
				CLANG_ENABLE_MODULES = YES;
				CLANG_ENABLE_OBJC_ARC = YES;
				CLANG_ENABLE_OBJC_WEAK = YES;
				CLANG_WARN_BLOCK_CAPTURE_AUTORELEASING = YES;
				CLANG_WARN_BOOL_CONVERSION = YES;
				CLANG_WARN_COMMA = YES;
				CLANG_WARN_CONSTANT_CONVERSION = YES;
				CLANG_WARN_DEPRECATED_OBJC_IMPLEMENTATIONS = YES;
				CLANG_WARN_DIRECT_OBJC_ISA_USAGE = YES_ERROR;
				CLANG_WARN_DOCUMENTATION_COMMENTS = YES;
				CLANG_WARN_EMPTY_BODY = YES;
				CLANG_WARN_ENUM_CONVERSION = YES;
				CLANG_WARN_INFINITE_RECURSION = YES;
				CLANG_WARN_INT_CONVERSION = YES;
				CLANG_WARN_NON_LITERAL_NULL_CONVERSION = YES;
				CLANG_WARN_OBJC_IMPLICIT_RETAIN_SELF = YES;
				CLANG_WARN_OBJC_LITERAL_CONVERSION = YES;
				CLANG_WARN_OBJC_ROOT_CLASS = YES_ERROR;
				CLANG_WARN_QUOTED_INCLUDE_IN_FRAMEWORK_HEADER = YES;
				CLANG_WARN_RANGE_LOOP_ANALYSIS = YES;
				CLANG_WARN_STRICT_PROTOTYPES = YES;
				CLANG_WARN_SUSPICIOUS_MOVE = YES;
				CLANG_WARN_UNGUARDED_AVAILABILITY = YES_AGGRESSIVE;
				CLANG_WARN_UNREACHABLE_CODE = YES;
				CLANG_WARN__DUPLICATE_METHOD_MATCH = YES;
				COPY_PHASE_STRIP = NO;
				DEBUG_INFORMATION_FORMAT = dwarf;
				ENABLE_STRICT_OBJC_MSGSEND = YES;
				ENABLE_TESTABILITY = YES;
				GCC_C_LANGUAGE_STANDARD = gnu11;
				GCC_DYNAMIC_NO_PIC = NO;
				GCC_NO_COMMON_BLOCKS = YES;
				GCC_OPTIMIZATION_LEVEL = 0;
				GCC_PREPROCESSOR_DEFINITIONS = (
					"DEBUG=1",
					"$(inherited)",
				);
				GCC_WARN_64_TO_32_BIT_CONVERSION = YES;
				GCC_WARN_ABOUT_RETURN_TYPE = YES_ERROR;
				GCC_WARN_UNDECLARED_SELECTOR = YES;
				GCC_WARN_UNINITIALIZED_AUTOS = YES_AGGRESSIVE;
				GCC_WARN_UNUSED_FUNCTION = YES;
				GCC_WARN_UNUSED_VARIABLE = YES;
				IPHONEOS_DEPLOYMENT_TARGET = 14.1;
				MTL_ENABLE_DEBUG_INFO = INCLUDE_SOURCE;
				MTL_FAST_MATH = YES;
				ONLY_ACTIVE_ARCH = YES;
				SDKROOT = iphoneos;
				SWIFT_ACTIVE_COMPILATION_CONDITIONS = DEBUG;
				SWIFT_OPTIMIZATION_LEVEL = "-Onone";
			};
			name = Debug;
		};
		032191C5298BA8EC003270A6 /* Release */ = {
			isa = XCBuildConfiguration;
			buildSettings = {
				ALWAYS_SEARCH_USER_PATHS = NO;
				CLANG_ANALYZER_NONNULL = YES;
				CLANG_ANALYZER_NUMBER_OBJECT_CONVERSION = YES_AGGRESSIVE;
				CLANG_CXX_LANGUAGE_STANDARD = "gnu++14";
				CLANG_CXX_LIBRARY = "libc++";
				CLANG_ENABLE_MODULES = YES;
				CLANG_ENABLE_OBJC_ARC = YES;
				CLANG_ENABLE_OBJC_WEAK = YES;
				CLANG_WARN_BLOCK_CAPTURE_AUTORELEASING = YES;
				CLANG_WARN_BOOL_CONVERSION = YES;
				CLANG_WARN_COMMA = YES;
				CLANG_WARN_CONSTANT_CONVERSION = YES;
				CLANG_WARN_DEPRECATED_OBJC_IMPLEMENTATIONS = YES;
				CLANG_WARN_DIRECT_OBJC_ISA_USAGE = YES_ERROR;
				CLANG_WARN_DOCUMENTATION_COMMENTS = YES;
				CLANG_WARN_EMPTY_BODY = YES;
				CLANG_WARN_ENUM_CONVERSION = YES;
				CLANG_WARN_INFINITE_RECURSION = YES;
				CLANG_WARN_INT_CONVERSION = YES;
				CLANG_WARN_NON_LITERAL_NULL_CONVERSION = YES;
				CLANG_WARN_OBJC_IMPLICIT_RETAIN_SELF = YES;
				CLANG_WARN_OBJC_LITERAL_CONVERSION = YES;
				CLANG_WARN_OBJC_ROOT_CLASS = YES_ERROR;
				CLANG_WARN_QUOTED_INCLUDE_IN_FRAMEWORK_HEADER = YES;
				CLANG_WARN_RANGE_LOOP_ANALYSIS = YES;
				CLANG_WARN_STRICT_PROTOTYPES = YES;
				CLANG_WARN_SUSPICIOUS_MOVE = YES;
				CLANG_WARN_UNGUARDED_AVAILABILITY = YES_AGGRESSIVE;
				CLANG_WARN_UNREACHABLE_CODE = YES;
				CLANG_WARN__DUPLICATE_METHOD_MATCH = YES;
				COPY_PHASE_STRIP = NO;
				DEBUG_INFORMATION_FORMAT = "dwarf-with-dsym";
				ENABLE_NS_ASSERTIONS = NO;
				ENABLE_STRICT_OBJC_MSGSEND = YES;
				GCC_C_LANGUAGE_STANDARD = gnu11;
				GCC_NO_COMMON_BLOCKS = YES;
				GCC_WARN_64_TO_32_BIT_CONVERSION = YES;
				GCC_WARN_ABOUT_RETURN_TYPE = YES_ERROR;
				GCC_WARN_UNDECLARED_SELECTOR = YES;
				GCC_WARN_UNINITIALIZED_AUTOS = YES_AGGRESSIVE;
				GCC_WARN_UNUSED_FUNCTION = YES;
				GCC_WARN_UNUSED_VARIABLE = YES;
				IPHONEOS_DEPLOYMENT_TARGET = 14.1;
				MTL_ENABLE_DEBUG_INFO = NO;
				MTL_FAST_MATH = YES;
				SDKROOT = iphoneos;
				SWIFT_COMPILATION_MODE = wholemodule;
				SWIFT_OPTIMIZATION_LEVEL = "-O";
				VALIDATE_PRODUCT = YES;
			};
			name = Release;
		};
		032191C7298BA8EC003270A6 /* Debug */ = {
			isa = XCBuildConfiguration;
			buildSettings = {
				ASSETCATALOG_COMPILER_APPICON_NAME = AppIcon;
				ASSETCATALOG_COMPILER_GLOBAL_ACCENT_COLOR_NAME = AccentColor;
				CODE_SIGN_STYLE = Automatic;
				INFOPLIST_FILE = meteoApp/Info.plist;
				LD_RUNPATH_SEARCH_PATHS = (
					"$(inherited)",
					"@executable_path/Frameworks",
				);
				PRODUCT_BUNDLE_IDENTIFIER = niema.meteoApp;
				PRODUCT_NAME = "$(TARGET_NAME)";
				SWIFT_VERSION = 5.0;
				TARGETED_DEVICE_FAMILY = "1,2";
			};
			name = Debug;
		};
		032191C8298BA8EC003270A6 /* Release */ = {
			isa = XCBuildConfiguration;
			buildSettings = {
				ASSETCATALOG_COMPILER_APPICON_NAME = AppIcon;
				ASSETCATALOG_COMPILER_GLOBAL_ACCENT_COLOR_NAME = AccentColor;
				CODE_SIGN_STYLE = Automatic;
				INFOPLIST_FILE = meteoApp/Info.plist;
				LD_RUNPATH_SEARCH_PATHS = (
					"$(inherited)",
					"@executable_path/Frameworks",
				);
				PRODUCT_BUNDLE_IDENTIFIER = niema.meteoApp;
				PRODUCT_NAME = "$(TARGET_NAME)";
				SWIFT_VERSION = 5.0;
				TARGETED_DEVICE_FAMILY = "1,2";
			};
			name = Release;
		};
		032191CA298BA8EC003270A6 /* Debug */ = {
			isa = XCBuildConfiguration;
			buildSettings = {
				ALWAYS_EMBED_SWIFT_STANDARD_LIBRARIES = YES;
				BUNDLE_LOADER = "$(TEST_HOST)";
				CODE_SIGN_STYLE = Automatic;
				INFOPLIST_FILE = meteoAppTests/Info.plist;
				IPHONEOS_DEPLOYMENT_TARGET = 14.4;
				LD_RUNPATH_SEARCH_PATHS = (
					"$(inherited)",
					"@executable_path/Frameworks",
					"@loader_path/Frameworks",
				);
				PRODUCT_BUNDLE_IDENTIFIER = niema.meteoAppTests;
				PRODUCT_NAME = "$(TARGET_NAME)";
				SWIFT_VERSION = 5.0;
				TARGETED_DEVICE_FAMILY = "1,2";
				TEST_HOST = "$(BUILT_PRODUCTS_DIR)/meteoApp.app/meteoApp";
			};
			name = Debug;
		};
		032191CB298BA8EC003270A6 /* Release */ = {
			isa = XCBuildConfiguration;
			buildSettings = {
				ALWAYS_EMBED_SWIFT_STANDARD_LIBRARIES = YES;
				BUNDLE_LOADER = "$(TEST_HOST)";
				CODE_SIGN_STYLE = Automatic;
				INFOPLIST_FILE = meteoAppTests/Info.plist;
				IPHONEOS_DEPLOYMENT_TARGET = 14.4;
				LD_RUNPATH_SEARCH_PATHS = (
					"$(inherited)",
					"@executable_path/Frameworks",
					"@loader_path/Frameworks",
				);
				PRODUCT_BUNDLE_IDENTIFIER = niema.meteoAppTests;
				PRODUCT_NAME = "$(TARGET_NAME)";
				SWIFT_VERSION = 5.0;
				TARGETED_DEVICE_FAMILY = "1,2";
				TEST_HOST = "$(BUILT_PRODUCTS_DIR)/meteoApp.app/meteoApp";
			};
			name = Release;
		};
		032191CD298BA8EC003270A6 /* Debug */ = {
			isa = XCBuildConfiguration;
			buildSettings = {
				ALWAYS_EMBED_SWIFT_STANDARD_LIBRARIES = YES;
				CODE_SIGN_STYLE = Automatic;
				INFOPLIST_FILE = meteoAppUITests/Info.plist;
				LD_RUNPATH_SEARCH_PATHS = (
					"$(inherited)",
					"@executable_path/Frameworks",
					"@loader_path/Frameworks",
				);
				PRODUCT_BUNDLE_IDENTIFIER = niema.meteoAppUITests;
				PRODUCT_NAME = "$(TARGET_NAME)";
				SWIFT_VERSION = 5.0;
				TARGETED_DEVICE_FAMILY = "1,2";
				TEST_TARGET_NAME = meteoApp;
			};
			name = Debug;
		};
		032191CE298BA8EC003270A6 /* Release */ = {
			isa = XCBuildConfiguration;
			buildSettings = {
				ALWAYS_EMBED_SWIFT_STANDARD_LIBRARIES = YES;
				CODE_SIGN_STYLE = Automatic;
				INFOPLIST_FILE = meteoAppUITests/Info.plist;
				LD_RUNPATH_SEARCH_PATHS = (
					"$(inherited)",
					"@executable_path/Frameworks",
					"@loader_path/Frameworks",
				);
				PRODUCT_BUNDLE_IDENTIFIER = niema.meteoAppUITests;
				PRODUCT_NAME = "$(TARGET_NAME)";
				SWIFT_VERSION = 5.0;
				TARGETED_DEVICE_FAMILY = "1,2";
				TEST_TARGET_NAME = meteoApp;
			};
			name = Release;
		};
/* End XCBuildConfiguration section */

/* Begin XCConfigurationList section */
		03219197298BA8C7003270A6 /* Build configuration list for PBXProject "meteoApp" */ = {
			isa = XCConfigurationList;
			buildConfigurations = (
				032191C4298BA8EC003270A6 /* Debug */,
				032191C5298BA8EC003270A6 /* Release */,
			);
			defaultConfigurationIsVisible = 0;
			defaultConfigurationName = Release;
		};
		032191C6298BA8EC003270A6 /* Build configuration list for PBXNativeTarget "meteoApp" */ = {
			isa = XCConfigurationList;
			buildConfigurations = (
				032191C7298BA8EC003270A6 /* Debug */,
				032191C8298BA8EC003270A6 /* Release */,
			);
			defaultConfigurationIsVisible = 0;
			defaultConfigurationName = Release;
		};
		032191C9298BA8EC003270A6 /* Build configuration list for PBXNativeTarget "meteoAppTests" */ = {
			isa = XCConfigurationList;
			buildConfigurations = (
				032191CA298BA8EC003270A6 /* Debug */,
				032191CB298BA8EC003270A6 /* Release */,
			);
			defaultConfigurationIsVisible = 0;
			defaultConfigurationName = Release;
		};
		032191CC298BA8EC003270A6 /* Build configuration list for PBXNativeTarget "meteoAppUITests" */ = {
			isa = XCConfigurationList;
			buildConfigurations = (
				032191CD298BA8EC003270A6 /* Debug */,
				032191CE298BA8EC003270A6 /* Release */,
			);
			defaultConfigurationIsVisible = 0;
			defaultConfigurationName = Release;
		};
/* End XCConfigurationList section */
	};
	rootObject = 03219194298BA8C7003270A6 /* Project object */;
}
